
Microsoft Visual Studio Solution File, Format Version 12.00
# Visual Studio Version 16
VisualStudioVersion = 16.0.29519.87
MinimumVisualStudioVersion = 10.0.40219.1
Project("{9A19103F-16F7-4668-BE54-9A1E7A4F7556}") = "Chatterbox.Client", "Chatterbox.Client\Chatterbox.Client.csproj", "{87E726C7-8A70-4BC9-A06B-304A65D5122F}"
EndProject
Project("{FAE04EC0-301F-11D3-BF4B-00C04F79EFBC}") = "Chatterbox.Server", "Chatterbox.Server\Chatterbox.Server.csproj", "{77442B91-F4A2-427C-BA17-1D1F5B60054A}"
EndProject
Project("{FAE04EC0-301F-11D3-BF4B-00C04F79EFBC}") = "Chatterbox.Contracts", "Chatterbox.Contracts\Chatterbox.Contracts.csproj", "{7FA11114-704F-4098-8703-B5121F819DF8}"
EndProject
Project("{FAE04EC0-301F-11D3-BF4B-00C04F79EFBC}") = "Chatterbox.Client.Tests", "Chatterbox.Client.Tests\Chatterbox.Client.Tests.csproj", "{8E72A0C2-FEF5-4759-BA31-E147BF4DFDCA}"
EndProject
Project("{2150E333-8FDC-42A3-9474-1A3956D46DE8}") = "Solution Items", "Solution Items", "{545777C0-EBD3-45FE-B603-E8562C118139}"
	ProjectSection(SolutionItems) = preProject
		LICENSE = LICENSE
		README.md = README.md
	EndProjectSection
EndProject
Global
	GlobalSection(SolutionConfigurationPlatforms) = preSolution
		Debug|Any CPU = Debug|Any CPU
		Release|Any CPU = Release|Any CPU
	EndGlobalSection
	GlobalSection(ProjectConfigurationPlatforms) = postSolution
		{87E726C7-8A70-4BC9-A06B-304A65D5122F}.Debug|Any CPU.ActiveCfg = Debug|Any CPU
		{87E726C7-8A70-4BC9-A06B-304A65D5122F}.Debug|Any CPU.Build.0 = Debug|Any CPU
		{87E726C7-8A70-4BC9-A06B-304A65D5122F}.Release|Any CPU.ActiveCfg = Release|Any CPU
		{87E726C7-8A70-4BC9-A06B-304A65D5122F}.Release|Any CPU.Build.0 = Release|Any CPU
		{77442B91-F4A2-427C-BA17-1D1F5B60054A}.Debug|Any CPU.ActiveCfg = Debug|Any CPU
		{77442B91-F4A2-427C-BA17-1D1F5B60054A}.Debug|Any CPU.Build.0 = Debug|Any CPU
		{77442B91-F4A2-427C-BA17-1D1F5B60054A}.Release|Any CPU.ActiveCfg = Release|Any CPU
		{77442B91-F4A2-427C-BA17-1D1F5B60054A}.Release|Any CPU.Build.0 = Release|Any CPU
		{7FA11114-704F-4098-8703-B5121F819DF8}.Debug|Any CPU.ActiveCfg = Debug|Any CPU
		{7FA11114-704F-4098-8703-B5121F819DF8}.Debug|Any CPU.Build.0 = Debug|Any CPU
		{7FA11114-704F-4098-8703-B5121F819DF8}.Release|Any CPU.ActiveCfg = Release|Any CPU
		{7FA11114-704F-4098-8703-B5121F819DF8}.Release|Any CPU.Build.0 = Release|Any CPU
		{8E72A0C2-FEF5-4759-BA31-E147BF4DFDCA}.Debug|Any CPU.ActiveCfg = Debug|Any CPU
		{8E72A0C2-FEF5-4759-BA31-E147BF4DFDCA}.Debug|Any CPU.Build.0 = Debug|Any CPU
		{8E72A0C2-FEF5-4759-BA31-E147BF4DFDCA}.Release|Any CPU.ActiveCfg = Release|Any CPU
		{8E72A0C2-FEF5-4759-BA31-E147BF4DFDCA}.Release|Any CPU.Build.0 = Release|Any CPU
	EndGlobalSection
	GlobalSection(SolutionProperties) = preSolution
		HideSolutionNode = FALSE
	EndGlobalSection
	GlobalSection(ExtensibilityGlobals) = postSolution
		SolutionGuid = {F409CAD7-1EE2-4CDB-BC29-7345AED130CA}
	EndGlobalSection
EndGlobal
